
Microsoft Visual Studio Solution File, Format Version 12.00
# Visual Studio Version 17
VisualStudioVersion = 17.3.32819.101
MinimumVisualStudioVersion = 10.0.40219.1
Project("{FAE04EC0-301F-11D3-BF4B-00C04F79EFBC}") = "ApiRestSQL", "ApiRestSQL\ApiRestSQL.csproj", "{F6B26719-51B1-4A57-BAE8-225AB146B2B6}"
EndProject
Project("{FAE04EC0-301F-11D3-BF4B-00C04F79EFBC}") = "ApiMsqlData", "ApiMsqlData\ApiMsqlData.csproj", "{63C0ED9D-62F6-4173-8F5B-94ECD2B39EEA}"
EndProject
Project("{FAE04EC0-301F-11D3-BF4B-00C04F79EFBC}") = "ApiMsqlModel", "ApiMsqlModel\ApiMsqlModel.csproj", "{43DE0E0A-F66D-4A14-A286-4C8B13145BC5}"
EndProject
Global
	GlobalSection(SolutionConfigurationPlatforms) = preSolution
		Debug|Any CPU = Debug|Any CPU
		Release|Any CPU = Release|Any CPU
	EndGlobalSection
	GlobalSection(ProjectConfigurationPlatforms) = postSolution
		{F6B26719-51B1-4A57-BAE8-225AB146B2B6}.Debug|Any CPU.ActiveCfg = Debug|Any CPU
		{F6B26719-51B1-4A57-BAE8-225AB146B2B6}.Debug|Any CPU.Build.0 = Debug|Any CPU
		{F6B26719-51B1-4A57-BAE8-225AB146B2B6}.Release|Any CPU.ActiveCfg = Release|Any CPU
		{F6B26719-51B1-4A57-BAE8-225AB146B2B6}.Release|Any CPU.Build.0 = Release|Any CPU
		{63C0ED9D-62F6-4173-8F5B-94ECD2B39EEA}.Debug|Any CPU.ActiveCfg = Debug|Any CPU
		{63C0ED9D-62F6-4173-8F5B-94ECD2B39EEA}.Debug|Any CPU.Build.0 = Debug|Any CPU
		{63C0ED9D-62F6-4173-8F5B-94ECD2B39EEA}.Release|Any CPU.ActiveCfg = Release|Any CPU
		{63C0ED9D-62F6-4173-8F5B-94ECD2B39EEA}.Release|Any CPU.Build.0 = Release|Any CPU
		{43DE0E0A-F66D-4A14-A286-4C8B13145BC5}.Debug|Any CPU.ActiveCfg = Debug|Any CPU
		{43DE0E0A-F66D-4A14-A286-4C8B13145BC5}.Debug|Any CPU.Build.0 = Debug|Any CPU
		{43DE0E0A-F66D-4A14-A286-4C8B13145BC5}.Release|Any CPU.ActiveCfg = Release|Any CPU
		{43DE0E0A-F66D-4A14-A286-4C8B13145BC5}.Release|Any CPU.Build.0 = Release|Any CPU
	EndGlobalSection
	GlobalSection(SolutionProperties) = preSolution
		HideSolutionNode = FALSE
	EndGlobalSection
	GlobalSection(ExtensibilityGlobals) = postSolution
		SolutionGuid = {515D1331-9875-4F33-A78C-380F396C14CC}
	EndGlobalSection
EndGlobal
